
Microsoft Visual Studio Solution File, Format Version 12.00
# Visual Studio Version 17
VisualStudioVersion = 17.3.32929.385
MinimumVisualStudioVersion = 10.0.40219.1
Project("{FAE04EC0-301F-11D3-BF4B-00C04F79EFBC}") = "COMP212-FinalTest", "COMP212-FinalTest.csproj", "{1D290ACB-D366-4B0C-B468-E15BA3F911A5}"
EndProject
Global
	GlobalSection(SolutionConfigurationPlatforms) = preSolution
		Debug|Any CPU = Debug|Any CPU
		Release|Any CPU = Release|Any CPU
	EndGlobalSection
	GlobalSection(ProjectConfigurationPlatforms) = postSolution
		{1D290ACB-D366-4B0C-B468-E15BA3F911A5}.Debug|Any CPU.ActiveCfg = Debug|Any CPU
		{1D290ACB-D366-4B0C-B468-E15BA3F911A5}.Debug|Any CPU.Build.0 = Debug|Any CPU
		{1D290ACB-D366-4B0C-B468-E15BA3F911A5}.Release|Any CPU.ActiveCfg = Release|Any CPU
		{1D290ACB-D366-4B0C-B468-E15BA3F911A5}.Release|Any CPU.Build.0 = Release|Any CPU
	EndGlobalSection
	GlobalSection(SolutionProperties) = preSolution
		HideSolutionNode = FALSE
	EndGlobalSection
	GlobalSection(ExtensibilityGlobals) = postSolution
		SolutionGuid = {CE092653-7618-4705-B986-C6B4AA42A82D}
	EndGlobalSection
EndGlobal
